<?xml version="1.0" encoding="UTF-8" standalone="yes" ?>
<CodeBlocks_project_file>
	<FileVersion major="1" minor="6" />
	<Project>
		<Option title="gaming_console_andreMutoke" />
		<Option pch_mode="2" />
		<Option compiler="gcc" />
		<Build>
			<Target title="Debug">
				<Option output="bin/Debug/gaming_console_andreMutoke" prefix_auto="1" extension_auto="1" />
				<Option object_output="obj/Debug/" />
				<Option type="1" />
				<Option compiler="gcc" />
				<Compiler>
					<Add option="-g" />
				</Compiler>
			</Target>
			<Target title="Release">
				<Option output="bin/Release/gaming_console_andreMutoke" prefix_auto="1" extension_auto="1" />
				<Option object_output="obj/Release/" />
				<Option type="1" />
				<Option compiler="gcc" />
				<Compiler>
					<Add option="-O2" />
				</Compiler>
				<Linker>
					<Add option="-s" />
				</Linker>
			</Target>
		</Build>
		<Compiler>
			<Add option="-Wall" />
		</Compiler>
		<Unit filename="lib/blocks.c">
			<Option compilerVar="CC" />
		</Unit>
		<Unit filename="lib/blocks.h" />
		<Unit filename="lib/game.h" />
		<Unit filename="lib/menu.c">
			<Option compilerVar="CC" />
		</Unit>
		<Unit filename="lib/menu.h" />
		<Unit filename="lib/min_to_max.h" />
		<Unit filename="lib/niveau.c">
			<Option compilerVar="CC" />
		</Unit>
		<Unit filename="lib/niveau.h" />
		<Unit filename="lib/screen.c">
			<Option compilerVar="CC" />
		</Unit>
		<Unit filename="lib/screen.h" />
		<Unit filename="main.c">
			<Option compilerVar="CC" />
		</Unit>
		<Extensions>
			<lib_finder disable_auto="1" />
		</Extensions>
	</Project>
</CodeBlocks_project_file>
